// !$*UTF8*$!
{
	archiveVersion = 1;
	classes = {
	};
	objectVersion = 56;
	objects = {

/* Begin PBXBuildFile section */
		604F5B352B2E08CE0012FEBA /* MakeYourMathExamApp.swift in Sources */ = {isa = PBXBuildFile; fileRef = 604F5B342B2E08CE0012FEBA /* MakeYourMathExamApp.swift */; };
		604F5B372B2E08CE0012FEBA /* ContentView.swift in Sources */ = {isa = PBXBuildFile; fileRef = 604F5B362B2E08CE0012FEBA /* ContentView.swift */; };
		604F5B392B2E08CF0012FEBA /* Assets.xcassets in Resources */ = {isa = PBXBuildFile; fileRef = 604F5B382B2E08CF0012FEBA /* Assets.xcassets */; };
		604F5B3C2B2E08CF0012FEBA /* Preview Assets.xcassets in Resources */ = {isa = PBXBuildFile; fileRef = 604F5B3B2B2E08CF0012FEBA /* Preview Assets.xcassets */; };
		604F5B442B2E10810012FEBA /* SettingsView.swift in Sources */ = {isa = PBXBuildFile; fileRef = 604F5B432B2E10810012FEBA /* SettingsView.swift */; };
		604F5B472B2E12700012FEBA /* TextSubHeadlineModel.swift in Sources */ = {isa = PBXBuildFile; fileRef = 604F5B462B2E12700012FEBA /* TextSubHeadlineModel.swift */; };
		604F5B492B2E133E0012FEBA /* Difficulty.swift in Sources */ = {isa = PBXBuildFile; fileRef = 604F5B482B2E133E0012FEBA /* Difficulty.swift */; };
		6060F0702B30A56A00ACE3D5 /* Exam.swift in Sources */ = {isa = PBXBuildFile; fileRef = 6060F06F2B30A56A00ACE3D5 /* Exam.swift */; };
		6060F0722B30A6D000ACE3D5 /* ExamQuestions.swift in Sources */ = {isa = PBXBuildFile; fileRef = 6060F0712B30A6D000ACE3D5 /* ExamQuestions.swift */; };
		6060F0742B30AB6800ACE3D5 /* ExamView.swift in Sources */ = {isa = PBXBuildFile; fileRef = 6060F0732B30AB6800ACE3D5 /* ExamView.swift */; };
/* End PBXBuildFile section */

/* Begin PBXFileReference section */
		604F5B312B2E08CE0012FEBA /* MakeYourMathExam.app */ = {isa = PBXFileReference; explicitFileType = wrapper.application; includeInIndex = 0; path = MakeYourMathExam.app; sourceTree = BUILT_PRODUCTS_DIR; };
		604F5B342B2E08CE0012FEBA /* MakeYourMathExamApp.swift */ = {isa = PBXFileReference; lastKnownFileType = sourcecode.swift; path = MakeYourMathExamApp.swift; sourceTree = "<group>"; };
		604F5B362B2E08CE0012FEBA /* ContentView.swift */ = {isa = PBXFileReference; lastKnownFileType = sourcecode.swift; path = ContentView.swift; sourceTree = "<group>"; };
		604F5B382B2E08CF0012FEBA /* Assets.xcassets */ = {isa = PBXFileReference; lastKnownFileType = folder.assetcatalog; path = Assets.xcassets; sourceTree = "<group>"; };
		604F5B3B2B2E08CF0012FEBA /* Preview Assets.xcassets */ = {isa = PBXFileReference; lastKnownFileType = folder.assetcatalog; path = "Preview Assets.xcassets"; sourceTree = "<group>"; };
		604F5B432B2E10810012FEBA /* SettingsView.swift */ = {isa = PBXFileReference; lastKnownFileType = sourcecode.swift; path = SettingsView.swift; sourceTree = "<group>"; };
		604F5B462B2E12700012FEBA /* TextSubHeadlineModel.swift */ = {isa = PBXFileReference; lastKnownFileType = sourcecode.swift; path = TextSubHeadlineModel.swift; sourceTree = "<group>"; };
		604F5B482B2E133E0012FEBA /* Difficulty.swift */ = {isa = PBXFileReference; lastKnownFileType = sourcecode.swift; path = Difficulty.swift; sourceTree = "<group>"; };
		6060F06F2B30A56A00ACE3D5 /* Exam.swift */ = {isa = PBXFileReference; lastKnownFileType = sourcecode.swift; path = Exam.swift; sourceTree = "<group>"; };
		6060F0712B30A6D000ACE3D5 /* ExamQuestions.swift */ = {isa = PBXFileReference; lastKnownFileType = sourcecode.swift; path = ExamQuestions.swift; sourceTree = "<group>"; };
		6060F0732B30AB6800ACE3D5 /* ExamView.swift */ = {isa = PBXFileReference; lastKnownFileType = sourcecode.swift; path = ExamView.swift; sourceTree = "<group>"; };
/* End PBXFileReference section */

/* Begin PBXFrameworksBuildPhase section */
		604F5B2E2B2E08CE0012FEBA /* Frameworks */ = {
			isa = PBXFrameworksBuildPhase;
			buildActionMask = 2147483647;
			files = (
			);
			runOnlyForDeploymentPostprocessing = 0;
		};
/* End PBXFrameworksBuildPhase section */

/* Begin PBXGroup section */
		604F5B282B2E08CE0012FEBA = {
			isa = PBXGroup;
			children = (
				604F5B332B2E08CE0012FEBA /* MakeYourMathExam */,
				604F5B322B2E08CE0012FEBA /* Products */,
			);
			sourceTree = "<group>";
		};
		604F5B322B2E08CE0012FEBA /* Products */ = {
			isa = PBXGroup;
			children = (
				604F5B312B2E08CE0012FEBA /* MakeYourMathExam.app */,
			);
			name = Products;
			sourceTree = "<group>";
		};
		604F5B332B2E08CE0012FEBA /* MakeYourMathExam */ = {
			isa = PBXGroup;
			children = (
				6060F06E2B30A55200ACE3D5 /* Classes */,
				604F5B452B2E12500012FEBA /* Models */,
				604F5B422B2E106B0012FEBA /* Views */,
				604F5B342B2E08CE0012FEBA /* MakeYourMathExamApp.swift */,
				604F5B362B2E08CE0012FEBA /* ContentView.swift */,
				604F5B382B2E08CF0012FEBA /* Assets.xcassets */,
				604F5B3A2B2E08CF0012FEBA /* Preview Content */,
			);
			path = MakeYourMathExam;
			sourceTree = "<group>";
		};
		604F5B3A2B2E08CF0012FEBA /* Preview Content */ = {
			isa = PBXGroup;
			children = (
				604F5B3B2B2E08CF0012FEBA /* Preview Assets.xcassets */,
			);
			path = "Preview Content";
			sourceTree = "<group>";
		};
		604F5B422B2E106B0012FEBA /* Views */ = {
			isa = PBXGroup;
			children = (
				604F5B432B2E10810012FEBA /* SettingsView.swift */,
				6060F0732B30AB6800ACE3D5 /* ExamView.swift */,
			);
			path = Views;
			sourceTree = "<group>";
		};
		604F5B452B2E12500012FEBA /* Models */ = {
			isa = PBXGroup;
			children = (
				604F5B462B2E12700012FEBA /* TextSubHeadlineModel.swift */,
			);
			path = Models;
			sourceTree = "<group>";
		};
		6060F06E2B30A55200ACE3D5 /* Classes */ = {
			isa = PBXGroup;
			children = (
				6060F0712B30A6D000ACE3D5 /* ExamQuestions.swift */,
				6060F06F2B30A56A00ACE3D5 /* Exam.swift */,
				604F5B482B2E133E0012FEBA /* Difficulty.swift */,
			);
			path = Classes;
			sourceTree = "<group>";
		};
/* End PBXGroup section */

/* Begin PBXNativeTarget section */
		604F5B302B2E08CE0012FEBA /* MakeYourMathExam */ = {
			isa = PBXNativeTarget;
			buildConfigurationList = 604F5B3F2B2E08CF0012FEBA /* Build configuration list for PBXNativeTarget "MakeYourMathExam" */;
			buildPhases = (
				604F5B2D2B2E08CE0012FEBA /* Sources */,
				604F5B2E2B2E08CE0012FEBA /* Frameworks */,
				604F5B2F2B2E08CE0012FEBA /* Resources */,
			);
			buildRules = (
			);
			dependencies = (
			);
			name = MakeYourMathExam;
			productName = MakeYourMathExam;
			productReference = 604F5B312B2E08CE0012FEBA /* MakeYourMathExam.app */;
			productType = "com.apple.product-type.application";
		};
/* End PBXNativeTarget section */

/* Begin PBXProject section */
		604F5B292B2E08CE0012FEBA /* Project object */ = {
			isa = PBXProject;
			attributes = {
				BuildIndependentTargetsInParallel = 1;
				LastSwiftUpdateCheck = 1510;
				LastUpgradeCheck = 1510;
				TargetAttributes = {
					604F5B302B2E08CE0012FEBA = {
						CreatedOnToolsVersion = 15.1;
					};
				};
			};
			buildConfigurationList = 604F5B2C2B2E08CE0012FEBA /* Build configuration list for PBXProject "MakeYourMathExam" */;
			compatibilityVersion = "Xcode 14.0";
			developmentRegion = en;
			hasScannedForEncodings = 0;
			knownRegions = (
				en,
				Base,
			);
			mainGroup = 604F5B282B2E08CE0012FEBA;
			productRefGroup = 604F5B322B2E08CE0012FEBA /* Products */;
			projectDirPath = "";
			projectRoot = "";
			targets = (
				604F5B302B2E08CE0012FEBA /* MakeYourMathExam */,
			);
		};
/* End PBXProject section */

/* Begin PBXResourcesBuildPhase section */
		604F5B2F2B2E08CE0012FEBA /* Resources */ = {
			isa = PBXResourcesBuildPhase;
			buildActionMask = 2147483647;
			files = (
				604F5B3C2B2E08CF0012FEBA /* Preview Assets.xcassets in Resources */,
				604F5B392B2E08CF0012FEBA /* Assets.xcassets in Resources */,
			);
			runOnlyForDeploymentPostprocessing = 0;
		};
/* End PBXResourcesBuildPhase section */

/* Begin PBXSourcesBuildPhase section */
		604F5B2D2B2E08CE0012FEBA /* Sources */ = {
			isa = PBXSourcesBuildPhase;
			buildActionMask = 2147483647;
			files = (
				6060F0742B30AB6800ACE3D5 /* ExamView.swift in Sources */,
				604F5B492B2E133E0012FEBA /* Difficulty.swift in Sources */,
				604F5B372B2E08CE0012FEBA /* ContentView.swift in Sources */,
				604F5B442B2E10810012FEBA /* SettingsView.swift in Sources */,
				6060F0722B30A6D000ACE3D5 /* ExamQuestions.swift in Sources */,
				604F5B352B2E08CE0012FEBA /* MakeYourMathExamApp.swift in Sources */,
				604F5B472B2E12700012FEBA /* TextSubHeadlineModel.swift in Sources */,
				6060F0702B30A56A00ACE3D5 /* Exam.swift in Sources */,
			);
			runOnlyForDeploymentPostprocessing = 0;
		};
/* End PBXSourcesBuildPhase section */

/* Begin XCBuildConfiguration section */
		604F5B3D2B2E08CF0012FEBA /* Debug */ = {
			isa = XCBuildConfiguration;
			buildSettings = {
				ALWAYS_SEARCH_USER_PATHS = NO;
				ASSETCATALOG_COMPILER_GENERATE_SWIFT_ASSET_SYMBOL_EXTENSIONS = YES;
				CLANG_ANALYZER_NONNULL = YES;
				CLANG_ANALYZER_NUMBER_OBJECT_CONVERSION = YES_AGGRESSIVE;
				CLANG_CXX_LANGUAGE_STANDARD = "gnu++20";
				CLANG_ENABLE_MODULES = YES;
				CLANG_ENABLE_OBJC_ARC = YES;
				CLANG_ENABLE_OBJC_WEAK = YES;
				CLANG_WARN_BLOCK_CAPTURE_AUTORELEASING = YES;
				CLANG_WARN_BOOL_CONVERSION = YES;
				CLANG_WARN_COMMA = YES;
				CLANG_WARN_CONSTANT_CONVERSION = YES;
				CLANG_WARN_DEPRECATED_OBJC_IMPLEMENTATIONS = YES;
				CLANG_WARN_DIRECT_OBJC_ISA_USAGE = YES_ERROR;
				CLANG_WARN_DOCUMENTATION_COMMENTS = YES;
				CLANG_WARN_EMPTY_BODY = YES;
				CLANG_WARN_ENUM_CONVERSION = YES;
				CLANG_WARN_INFINITE_RECURSION = YES;
				CLANG_WARN_INT_CONVERSION = YES;
				CLANG_WARN_NON_LITERAL_NULL_CONVERSION = YES;
				CLANG_WARN_OBJC_IMPLICIT_RETAIN_SELF = YES;
				CLANG_WARN_OBJC_LITERAL_CONVERSION = YES;
				CLANG_WARN_OBJC_ROOT_CLASS = YES_ERROR;
				CLANG_WARN_QUOTED_INCLUDE_IN_FRAMEWORK_HEADER = YES;
				CLANG_WARN_RANGE_LOOP_ANALYSIS = YES;
				CLANG_WARN_STRICT_PROTOTYPES = YES;
				CLANG_WARN_SUSPICIOUS_MOVE = YES;
				CLANG_WARN_UNGUARDED_AVAILABILITY = YES_AGGRESSIVE;
				CLANG_WARN_UNREACHABLE_CODE = YES;
				CLANG_WARN__DUPLICATE_METHOD_MATCH = YES;
				COPY_PHASE_STRIP = NO;
				DEBUG_INFORMATION_FORMAT = dwarf;
				ENABLE_STRICT_OBJC_MSGSEND = YES;
				ENABLE_TESTABILITY = YES;
				ENABLE_USER_SCRIPT_SANDBOXING = YES;
				GCC_C_LANGUAGE_STANDARD = gnu17;
				GCC_DYNAMIC_NO_PIC = NO;
				GCC_NO_COMMON_BLOCKS = YES;
				GCC_OPTIMIZATION_LEVEL = 0;
				GCC_PREPROCESSOR_DEFINITIONS = (
					"DEBUG=1",
					"$(inherited)",
				);
				GCC_WARN_64_TO_32_BIT_CONVERSION = YES;
				GCC_WARN_ABOUT_RETURN_TYPE = YES_ERROR;
				GCC_WARN_UNDECLARED_SELECTOR = YES;
				GCC_WARN_UNINITIALIZED_AUTOS = YES_AGGRESSIVE;
				GCC_WARN_UNUSED_FUNCTION = YES;
				GCC_WARN_UNUSED_VARIABLE = YES;
				IPHONEOS_DEPLOYMENT_TARGET = 17.2;
				LOCALIZATION_PREFERS_STRING_CATALOGS = YES;
				MTL_ENABLE_DEBUG_INFO = INCLUDE_SOURCE;
				MTL_FAST_MATH = YES;
				ONLY_ACTIVE_ARCH = YES;
				SDKROOT = iphoneos;
				SWIFT_ACTIVE_COMPILATION_CONDITIONS = "DEBUG $(inherited)";
				SWIFT_OPTIMIZATION_LEVEL = "-Onone";
			};
			name = Debug;
		};
		604F5B3E2B2E08CF0012FEBA /* Release */ = {
			isa = XCBuildConfiguration;
			buildSettings = {
				ALWAYS_SEARCH_USER_PATHS = NO;
				ASSETCATALOG_COMPILER_GENERATE_SWIFT_ASSET_SYMBOL_EXTENSIONS = YES;
				CLANG_ANALYZER_NONNULL = YES;
				CLANG_ANALYZER_NUMBER_OBJECT_CONVERSION = YES_AGGRESSIVE;
				CLANG_CXX_LANGUAGE_STANDARD = "gnu++20";
				CLANG_ENABLE_MODULES = YES;
				CLANG_ENABLE_OBJC_ARC = YES;
				CLANG_ENABLE_OBJC_WEAK = YES;
				CLANG_WARN_BLOCK_CAPTURE_AUTORELEASING = YES;
				CLANG_WARN_BOOL_CONVERSION = YES;
				CLANG_WARN_COMMA = YES;
				CLANG_WARN_CONSTANT_CONVERSION = YES;
				CLANG_WARN_DEPRECATED_OBJC_IMPLEMENTATIONS = YES;
				CLANG_WARN_DIRECT_OBJC_ISA_USAGE = YES_ERROR;
				CLANG_WARN_DOCUMENTATION_COMMENTS = YES;
				CLANG_WARN_EMPTY_BODY = YES;
				CLANG_WARN_ENUM_CONVERSION = YES;
				CLANG_WARN_INFINITE_RECURSION = YES;
				CLANG_WARN_INT_CONVERSION = YES;
				CLANG_WARN_NON_LITERAL_NULL_CONVERSION = YES;
				CLANG_WARN_OBJC_IMPLICIT_RETAIN_SELF = YES;
				CLANG_WARN_OBJC_LITERAL_CONVERSION = YES;
				CLANG_WARN_OBJC_ROOT_CLASS = YES_ERROR;
				CLANG_WARN_QUOTED_INCLUDE_IN_FRAMEWORK_HEADER = YES;
				CLANG_WARN_RANGE_LOOP_ANALYSIS = YES;
				CLANG_WARN_STRICT_PROTOTYPES = YES;
				CLANG_WARN_SUSPICIOUS_MOVE = YES;
				CLANG_WARN_UNGUARDED_AVAILABILITY = YES_AGGRESSIVE;
				CLANG_WARN_UNREACHABLE_CODE = YES;
				CLANG_WARN__DUPLICATE_METHOD_MATCH = YES;
				COPY_PHASE_STRIP = NO;
				DEBUG_INFORMATION_FORMAT = "dwarf-with-dsym";
				ENABLE_NS_ASSERTIONS = NO;
				ENABLE_STRICT_OBJC_MSGSEND = YES;
				ENABLE_USER_SCRIPT_SANDBOXING = YES;
				GCC_C_LANGUAGE_STANDARD = gnu17;
				GCC_NO_COMMON_BLOCKS = YES;
				GCC_WARN_64_TO_32_BIT_CONVERSION = YES;
				GCC_WARN_ABOUT_RETURN_TYPE = YES_ERROR;
				GCC_WARN_UNDECLARED_SELECTOR = YES;
				GCC_WARN_UNINITIALIZED_AUTOS = YES_AGGRESSIVE;
				GCC_WARN_UNUSED_FUNCTION = YES;
				GCC_WARN_UNUSED_VARIABLE = YES;
				IPHONEOS_DEPLOYMENT_TARGET = 17.2;
				LOCALIZATION_PREFERS_STRING_CATALOGS = YES;
				MTL_ENABLE_DEBUG_INFO = NO;
				MTL_FAST_MATH = YES;
				SDKROOT = iphoneos;
				SWIFT_COMPILATION_MODE = wholemodule;
				VALIDATE_PRODUCT = YES;
			};
			name = Release;
		};
		604F5B402B2E08CF0012FEBA /* Debug */ = {
			isa = XCBuildConfiguration;
			buildSettings = {
				ASSETCATALOG_COMPILER_APPICON_NAME = AppIcon;
				ASSETCATALOG_COMPILER_GLOBAL_ACCENT_COLOR_NAME = AccentColor;
				CODE_SIGN_STYLE = Automatic;
				CURRENT_PROJECT_VERSION = 1;
				DEVELOPMENT_ASSET_PATHS = "\"MakeYourMathExam/Preview Content\"";
				DEVELOPMENT_TEAM = U4X2VT88VJ;
				ENABLE_PREVIEWS = YES;
				GENERATE_INFOPLIST_FILE = YES;
				INFOPLIST_KEY_UIApplicationSceneManifest_Generation = YES;
				INFOPLIST_KEY_UIApplicationSupportsIndirectInputEvents = YES;
				INFOPLIST_KEY_UILaunchScreen_Generation = YES;
				INFOPLIST_KEY_UISupportedInterfaceOrientations_iPad = "UIInterfaceOrientationPortrait UIInterfaceOrientationPortraitUpsideDown UIInterfaceOrientationLandscapeLeft UIInterfaceOrientationLandscapeRight";
				INFOPLIST_KEY_UISupportedInterfaceOrientations_iPhone = "UIInterfaceOrientationPortrait UIInterfaceOrientationLandscapeLeft UIInterfaceOrientationLandscapeRight";
				LD_RUNPATH_SEARCH_PATHS = (
					"$(inherited)",
					"@executable_path/Frameworks",
				);
				MARKETING_VERSION = 1.0;
				PRODUCT_BUNDLE_IDENTIFIER = nicolas.florencio.felipe.MakeYourMathExam;
				PRODUCT_NAME = "$(TARGET_NAME)";
				SWIFT_EMIT_LOC_STRINGS = YES;
				SWIFT_VERSION = 5.0;
				TARGETED_DEVICE_FAMILY = "1,2";
			};
			name = Debug;
		};
		604F5B412B2E08CF0012FEBA /* Release */ = {
			isa = XCBuildConfiguration;
			buildSettings = {
				ASSETCATALOG_COMPILER_APPICON_NAME = AppIcon;
				ASSETCATALOG_COMPILER_GLOBAL_ACCENT_COLOR_NAME = AccentColor;
				CODE_SIGN_STYLE = Automatic;
				CURRENT_PROJECT_VERSION = 1;
				DEVELOPMENT_ASSET_PATHS = "\"MakeYourMathExam/Preview Content\"";
				DEVELOPMENT_TEAM = U4X2VT88VJ;
				ENABLE_PREVIEWS = YES;
				GENERATE_INFOPLIST_FILE = YES;
				INFOPLIST_KEY_UIApplicationSceneManifest_Generation = YES;
				INFOPLIST_KEY_UIApplicationSupportsIndirectInputEvents = YES;
				INFOPLIST_KEY_UILaunchScreen_Generation = YES;
				INFOPLIST_KEY_UISupportedInterfaceOrientations_iPad = "UIInterfaceOrientationPortrait UIInterfaceOrientationPortraitUpsideDown UIInterfaceOrientationLandscapeLeft UIInterfaceOrientationLandscapeRight";
				INFOPLIST_KEY_UISupportedInterfaceOrientations_iPhone = "UIInterfaceOrientationPortrait UIInterfaceOrientationLandscapeLeft UIInterfaceOrientationLandscapeRight";
				LD_RUNPATH_SEARCH_PATHS = (
					"$(inherited)",
					"@executable_path/Frameworks",
				);
				MARKETING_VERSION = 1.0;
				PRODUCT_BUNDLE_IDENTIFIER = nicolas.florencio.felipe.MakeYourMathExam;
				PRODUCT_NAME = "$(TARGET_NAME)";
				SWIFT_EMIT_LOC_STRINGS = YES;
				SWIFT_VERSION = 5.0;
				TARGETED_DEVICE_FAMILY = "1,2";
			};
			name = Release;
		};
/* End XCBuildConfiguration section */

/* Begin XCConfigurationList section */
		604F5B2C2B2E08CE0012FEBA /* Build configuration list for PBXProject "MakeYourMathExam" */ = {
			isa = XCConfigurationList;
			buildConfigurations = (
				604F5B3D2B2E08CF0012FEBA /* Debug */,
				604F5B3E2B2E08CF0012FEBA /* Release */,
			);
			defaultConfigurationIsVisible = 0;
			defaultConfigurationName = Release;
		};
		604F5B3F2B2E08CF0012FEBA /* Build configuration list for PBXNativeTarget "MakeYourMathExam" */ = {
			isa = XCConfigurationList;
			buildConfigurations = (
				604F5B402B2E08CF0012FEBA /* Debug */,
				604F5B412B2E08CF0012FEBA /* Release */,
			);
			defaultConfigurationIsVisible = 0;
			defaultConfigurationName = Release;
		};
/* End XCConfigurationList section */
	};
	rootObject = 604F5B292B2E08CE0012FEBA /* Project object */;
}
